
Microsoft Visual Studio Solution File, Format Version 12.00
# Visual Studio 14
VisualStudioVersion = 14.0.25420.1
MinimumVisualStudioVersion = 10.0.40219.1
Project("{2150E333-8FDC-42A3-9474-1A3956D46DE8}") = "Solution Items", "Solution Items", "{C8111804-63DA-4E74-9C1F-FEC46632A33B}"
	ProjectSection(SolutionItems) = preProject
		README.md = README.md
	EndProjectSection
EndProject
Project("{FAE04EC0-301F-11D3-BF4B-00C04F79EFBC}") = "FileUploader", "FileUploader\FileUploader.csproj", "{04E6286A-50DA-444B-B663-6D7386D4CC4A}"
EndProject
Project("{FAE04EC0-301F-11D3-BF4B-00C04F79EFBC}") = "Minio.Examples", "Minio.Examples\Minio.Examples.csproj", "{C126F2B3-50B0-448F-AB16-9CF80079D6AF}"
EndProject
Project("{FAE04EC0-301F-11D3-BF4B-00C04F79EFBC}") = "Minio.Tests", "Minio.Tests\Minio.Tests.csproj", "{040B2A3E-8003-4460-80CF-6262DDDAE89D}"
EndProject
Project("{2150E333-8FDC-42A3-9474-1A3956D46DE8}") = "Docs", "Docs", "{30E4FEE3-BCF0-43AB-B3E0-6083D576D808}"
	ProjectSection(SolutionItems) = preProject
		API.md = API.md
	EndProjectSection
EndProject
Project("{8BB2217D-0F2D-49D1-97BC-3654ED321F3B}") = "MinioCoreTest", "MinioCoreTest\MinioCoreTest.xproj", "{64264A30-E6AB-49D8-8F84-3AE4FAC54E09}"
EndProject
Project("{8BB2217D-0F2D-49D1-97BC-3654ED321F3B}") = "MinioCore2", "MinioCore2\MinioCore2.xproj", "{C7579CAD-6D2A-45E0-8737-8E66C78EBE2F}"
EndProject
Project("{FAE04EC0-301F-11D3-BF4B-00C04F79EFBC}") = "MinioApi", "Minio.Api\MinioApi.csproj", "{CC30CADE-342A-4CED-858D-B60200C075B0}"
EndProject
Project("{FAE04EC0-301F-11D3-BF4B-00C04F79EFBC}") = "SimpleTest", "SimpleTest\SimpleTest.csproj", "{DB799B77-2362-4D6E-B1EA-16111E78CEF5}"
EndProject
Global
	GlobalSection(SolutionConfigurationPlatforms) = preSolution
		Debug|Any CPU = Debug|Any CPU
		Release|Any CPU = Release|Any CPU
	EndGlobalSection
	GlobalSection(ProjectConfigurationPlatforms) = postSolution
		{04E6286A-50DA-444B-B663-6D7386D4CC4A}.Debug|Any CPU.ActiveCfg = Debug|Any CPU
		{04E6286A-50DA-444B-B663-6D7386D4CC4A}.Debug|Any CPU.Build.0 = Debug|Any CPU
		{04E6286A-50DA-444B-B663-6D7386D4CC4A}.Release|Any CPU.ActiveCfg = Release|Any CPU
		{04E6286A-50DA-444B-B663-6D7386D4CC4A}.Release|Any CPU.Build.0 = Release|Any CPU
		{C126F2B3-50B0-448F-AB16-9CF80079D6AF}.Debug|Any CPU.ActiveCfg = Debug|Any CPU
		{C126F2B3-50B0-448F-AB16-9CF80079D6AF}.Debug|Any CPU.Build.0 = Debug|Any CPU
		{C126F2B3-50B0-448F-AB16-9CF80079D6AF}.Release|Any CPU.ActiveCfg = Release|Any CPU
		{C126F2B3-50B0-448F-AB16-9CF80079D6AF}.Release|Any CPU.Build.0 = Release|Any CPU
		{040B2A3E-8003-4460-80CF-6262DDDAE89D}.Debug|Any CPU.ActiveCfg = Debug|Any CPU
		{040B2A3E-8003-4460-80CF-6262DDDAE89D}.Debug|Any CPU.Build.0 = Debug|Any CPU
		{040B2A3E-8003-4460-80CF-6262DDDAE89D}.Release|Any CPU.ActiveCfg = Release|Any CPU
		{040B2A3E-8003-4460-80CF-6262DDDAE89D}.Release|Any CPU.Build.0 = Release|Any CPU
		{64264A30-E6AB-49D8-8F84-3AE4FAC54E09}.Debug|Any CPU.ActiveCfg = Debug|Any CPU
		{64264A30-E6AB-49D8-8F84-3AE4FAC54E09}.Debug|Any CPU.Build.0 = Debug|Any CPU
		{64264A30-E6AB-49D8-8F84-3AE4FAC54E09}.Release|Any CPU.ActiveCfg = Release|Any CPU
		{64264A30-E6AB-49D8-8F84-3AE4FAC54E09}.Release|Any CPU.Build.0 = Release|Any CPU
		{C7579CAD-6D2A-45E0-8737-8E66C78EBE2F}.Debug|Any CPU.ActiveCfg = Debug|Any CPU
		{C7579CAD-6D2A-45E0-8737-8E66C78EBE2F}.Debug|Any CPU.Build.0 = Debug|Any CPU
		{C7579CAD-6D2A-45E0-8737-8E66C78EBE2F}.Release|Any CPU.ActiveCfg = Release|Any CPU
		{C7579CAD-6D2A-45E0-8737-8E66C78EBE2F}.Release|Any CPU.Build.0 = Release|Any CPU
		{CC30CADE-342A-4CED-858D-B60200C075B0}.Debug|Any CPU.ActiveCfg = Debug|Any CPU
		{CC30CADE-342A-4CED-858D-B60200C075B0}.Debug|Any CPU.Build.0 = Debug|Any CPU
		{CC30CADE-342A-4CED-858D-B60200C075B0}.Release|Any CPU.ActiveCfg = Release|Any CPU
		{CC30CADE-342A-4CED-858D-B60200C075B0}.Release|Any CPU.Build.0 = Release|Any CPU
		{DB799B77-2362-4D6E-B1EA-16111E78CEF5}.Debug|Any CPU.ActiveCfg = Debug|Any CPU
		{DB799B77-2362-4D6E-B1EA-16111E78CEF5}.Debug|Any CPU.Build.0 = Debug|Any CPU
		{DB799B77-2362-4D6E-B1EA-16111E78CEF5}.Release|Any CPU.ActiveCfg = Release|Any CPU
		{DB799B77-2362-4D6E-B1EA-16111E78CEF5}.Release|Any CPU.Build.0 = Release|Any CPU
	EndGlobalSection
	GlobalSection(SolutionProperties) = preSolution
		HideSolutionNode = FALSE
	EndGlobalSection
	GlobalSection(NestedProjects) = preSolution
		{040B2A3E-8003-4460-80CF-6262DDDAE89D} = {C8111804-63DA-4E74-9C1F-FEC46632A33B}
		{30E4FEE3-BCF0-43AB-B3E0-6083D576D808} = {C8111804-63DA-4E74-9C1F-FEC46632A33B}
	EndGlobalSection
EndGlobal
