
Microsoft Visual Studio Solution File, Format Version 12.00
# Visual Studio 15
VisualStudioVersion = 15.0.26430.15
MinimumVisualStudioVersion = 10.0.40219.1
Project("{2150E333-8FDC-42A3-9474-1A3956D46DE8}") = "Solution Items", "Solution Items", "{C8111804-63DA-4E74-9C1F-FEC46632A33B}"
	ProjectSection(SolutionItems) = preProject
		appveyor.yml = appveyor.yml
		mono_install.sh = mono_install.sh
		README.md = README.md
	EndProjectSection
EndProject
Project("{2150E333-8FDC-42A3-9474-1A3956D46DE8}") = "Docs", "Docs", "{30E4FEE3-BCF0-43AB-B3E0-6083D576D808}"
	ProjectSection(SolutionItems) = preProject
		Docs\API.md = Docs\API.md
	EndProjectSection
EndProject
Project("{FAE04EC0-301F-11D3-BF4B-00C04F79EFBC}") = "Minio.Core", "Minio.Core\Minio.Core.csproj", "{2B75EC53-17EB-461C-A9DD-4823CF2A2E9B}"
EndProject
Project("{D954291E-2A0B-460D-934E-DC6B0785DB48}") = "Minio.Shared", "Minio\Minio.Shared.shproj", "{6F34C613-708D-4C99-9278-B4D0612024FF}"
EndProject
Project("{D954291E-2A0B-460D-934E-DC6B0785DB48}") = "Minio.Platform", "Minio.Platform\Minio.Platform.shproj", "{D0F01DEA-7696-49AF-8C11-6BF334BF738E}"
EndProject
Project("{FAE04EC0-301F-11D3-BF4B-00C04F79EFBC}") = "Minio.iOS", "Minio.iOS\Minio.iOS.csproj", "{4E778159-A9EA-4D93-AEB3-4691E6FB4188}"
EndProject
Project("{FAE04EC0-301F-11D3-BF4B-00C04F79EFBC}") = "Minio.Droid", "Minio.Droid\Minio.Droid.csproj", "{EDCED365-8EA6-4886-91AF-2AED2246D0F0}"
EndProject
Project("{FAE04EC0-301F-11D3-BF4B-00C04F79EFBC}") = "Minio.Tests", "Minio.Tests\Minio.Tests.csproj", "{1770F6DC-D37A-4EF2-A70E-12C450A6D059}"
EndProject
Project("{FAE04EC0-301F-11D3-BF4B-00C04F79EFBC}") = "Minio.Net452", "Minio.Net452\Minio.Net452.csproj", "{EB17557B-4797-4883-83FF-C9E11581E3F3}"
EndProject
Project("{2150E333-8FDC-42A3-9474-1A3956D46DE8}") = "Xamarin", "Xamarin", "{93B61690-3FBD-4C23-8A76-36796D49CB5E}"
EndProject
Project("{FAE04EC0-301F-11D3-BF4B-00C04F79EFBC}") = "Minio.Xamarin.Interface", "Minio.Xamarin.Interface\Minio.Xamarin.Interface.csproj", "{713B5EBD-412B-4195-BE33-512886DF5E28}"
EndProject
Project("{FAE04EC0-301F-11D3-BF4B-00C04F79EFBC}") = "Minio.Xamarin", "Minio.Xamarin\Minio.Xamarin.csproj", "{18B135BF-9634-4486-A00F-3D52100D3B8E}"
EndProject
Global
	GlobalSection(SolutionConfigurationPlatforms) = preSolution
		.net4.5.2|Any CPU = .net4.5.2|Any CPU
		.net4.5.2|x64 = .net4.5.2|x64
		.net4.5.2|x86 = .net4.5.2|x86
		.netcore|Any CPU = .netcore|Any CPU
		.netcore|x64 = .netcore|x64
		.netcore|x86 = .netcore|x86
		Debug|Any CPU = Debug|Any CPU
		Debug|x64 = Debug|x64
		Debug|x86 = Debug|x86
		Mint|Any CPU = Mint|Any CPU
		Mint|x64 = Mint|x64
		Mint|x86 = Mint|x86
		Release|Any CPU = Release|Any CPU
		Release|x64 = Release|x64
		Release|x86 = Release|x86
	EndGlobalSection
	GlobalSection(ProjectConfigurationPlatforms) = postSolution
		{2B75EC53-17EB-461C-A9DD-4823CF2A2E9B}..net4.5.2|Any CPU.ActiveCfg = .net4.5.2|Any CPU
		{2B75EC53-17EB-461C-A9DD-4823CF2A2E9B}..net4.5.2|x64.ActiveCfg = .net4.5.2|x64
		{2B75EC53-17EB-461C-A9DD-4823CF2A2E9B}..net4.5.2|x64.Build.0 = .net4.5.2|x64
		{2B75EC53-17EB-461C-A9DD-4823CF2A2E9B}..net4.5.2|x86.ActiveCfg = .net4.5.2|x86
		{2B75EC53-17EB-461C-A9DD-4823CF2A2E9B}..net4.5.2|x86.Build.0 = .net4.5.2|x86
		{2B75EC53-17EB-461C-A9DD-4823CF2A2E9B}..netcore|Any CPU.ActiveCfg = .netcore|Any CPU
		{2B75EC53-17EB-461C-A9DD-4823CF2A2E9B}..netcore|Any CPU.Build.0 = .netcore|Any CPU
		{2B75EC53-17EB-461C-A9DD-4823CF2A2E9B}..netcore|x64.ActiveCfg = .netcore|x64
		{2B75EC53-17EB-461C-A9DD-4823CF2A2E9B}..netcore|x64.Build.0 = .netcore|x64
		{2B75EC53-17EB-461C-A9DD-4823CF2A2E9B}..netcore|x86.ActiveCfg = .netcore|x86
		{2B75EC53-17EB-461C-A9DD-4823CF2A2E9B}..netcore|x86.Build.0 = .netcore|x86
		{2B75EC53-17EB-461C-A9DD-4823CF2A2E9B}.Debug|Any CPU.ActiveCfg = Debug|Any CPU
		{2B75EC53-17EB-461C-A9DD-4823CF2A2E9B}.Debug|Any CPU.Build.0 = Debug|Any CPU
		{2B75EC53-17EB-461C-A9DD-4823CF2A2E9B}.Debug|x64.ActiveCfg = Debug|Any CPU
		{2B75EC53-17EB-461C-A9DD-4823CF2A2E9B}.Debug|x64.Build.0 = Debug|Any CPU
		{2B75EC53-17EB-461C-A9DD-4823CF2A2E9B}.Debug|x86.ActiveCfg = Debug|Any CPU
		{2B75EC53-17EB-461C-A9DD-4823CF2A2E9B}.Debug|x86.Build.0 = Debug|Any CPU
		{2B75EC53-17EB-461C-A9DD-4823CF2A2E9B}.Mint|Any CPU.ActiveCfg = Mint|Any CPU
		{2B75EC53-17EB-461C-A9DD-4823CF2A2E9B}.Mint|x64.ActiveCfg = Mint|x64
		{2B75EC53-17EB-461C-A9DD-4823CF2A2E9B}.Mint|x64.Build.0 = Mint|x64
		{2B75EC53-17EB-461C-A9DD-4823CF2A2E9B}.Mint|x86.ActiveCfg = Mint|x86
		{2B75EC53-17EB-461C-A9DD-4823CF2A2E9B}.Mint|x86.Build.0 = Mint|x86
		{2B75EC53-17EB-461C-A9DD-4823CF2A2E9B}.Release|Any CPU.ActiveCfg = Release|Any CPU
		{2B75EC53-17EB-461C-A9DD-4823CF2A2E9B}.Release|Any CPU.Build.0 = Release|Any CPU
		{2B75EC53-17EB-461C-A9DD-4823CF2A2E9B}.Release|x64.ActiveCfg = Release|Any CPU
		{2B75EC53-17EB-461C-A9DD-4823CF2A2E9B}.Release|x64.Build.0 = Release|Any CPU
		{2B75EC53-17EB-461C-A9DD-4823CF2A2E9B}.Release|x86.ActiveCfg = Release|Any CPU
		{2B75EC53-17EB-461C-A9DD-4823CF2A2E9B}.Release|x86.Build.0 = Release|Any CPU
		{4E778159-A9EA-4D93-AEB3-4691E6FB4188}..net4.5.2|Any CPU.ActiveCfg = Debug|Any CPU
		{4E778159-A9EA-4D93-AEB3-4691E6FB4188}..net4.5.2|Any CPU.Build.0 = Debug|Any CPU
		{4E778159-A9EA-4D93-AEB3-4691E6FB4188}..net4.5.2|x64.ActiveCfg = Debug|Any CPU
		{4E778159-A9EA-4D93-AEB3-4691E6FB4188}..net4.5.2|x64.Build.0 = Debug|Any CPU
		{4E778159-A9EA-4D93-AEB3-4691E6FB4188}..net4.5.2|x86.ActiveCfg = Debug|Any CPU
		{4E778159-A9EA-4D93-AEB3-4691E6FB4188}..net4.5.2|x86.Build.0 = Debug|Any CPU
		{4E778159-A9EA-4D93-AEB3-4691E6FB4188}..netcore|Any CPU.ActiveCfg = Debug|Any CPU
		{4E778159-A9EA-4D93-AEB3-4691E6FB4188}..netcore|Any CPU.Build.0 = Debug|Any CPU
		{4E778159-A9EA-4D93-AEB3-4691E6FB4188}..netcore|x64.ActiveCfg = Debug|Any CPU
		{4E778159-A9EA-4D93-AEB3-4691E6FB4188}..netcore|x64.Build.0 = Debug|Any CPU
		{4E778159-A9EA-4D93-AEB3-4691E6FB4188}..netcore|x86.ActiveCfg = Debug|Any CPU
		{4E778159-A9EA-4D93-AEB3-4691E6FB4188}..netcore|x86.Build.0 = Debug|Any CPU
		{4E778159-A9EA-4D93-AEB3-4691E6FB4188}.Debug|Any CPU.ActiveCfg = Debug|Any CPU
		{4E778159-A9EA-4D93-AEB3-4691E6FB4188}.Debug|Any CPU.Build.0 = Debug|Any CPU
		{4E778159-A9EA-4D93-AEB3-4691E6FB4188}.Debug|x64.ActiveCfg = Debug|Any CPU
		{4E778159-A9EA-4D93-AEB3-4691E6FB4188}.Debug|x64.Build.0 = Debug|Any CPU
		{4E778159-A9EA-4D93-AEB3-4691E6FB4188}.Debug|x86.ActiveCfg = Debug|Any CPU
		{4E778159-A9EA-4D93-AEB3-4691E6FB4188}.Debug|x86.Build.0 = Debug|Any CPU
		{4E778159-A9EA-4D93-AEB3-4691E6FB4188}.Mint|Any CPU.ActiveCfg = Debug|Any CPU
		{4E778159-A9EA-4D93-AEB3-4691E6FB4188}.Mint|Any CPU.Build.0 = Debug|Any CPU
		{4E778159-A9EA-4D93-AEB3-4691E6FB4188}.Mint|x64.ActiveCfg = Debug|Any CPU
		{4E778159-A9EA-4D93-AEB3-4691E6FB4188}.Mint|x64.Build.0 = Debug|Any CPU
		{4E778159-A9EA-4D93-AEB3-4691E6FB4188}.Mint|x86.ActiveCfg = Debug|Any CPU
		{4E778159-A9EA-4D93-AEB3-4691E6FB4188}.Mint|x86.Build.0 = Debug|Any CPU
		{4E778159-A9EA-4D93-AEB3-4691E6FB4188}.Release|Any CPU.ActiveCfg = Release|Any CPU
		{4E778159-A9EA-4D93-AEB3-4691E6FB4188}.Release|Any CPU.Build.0 = Release|Any CPU
		{4E778159-A9EA-4D93-AEB3-4691E6FB4188}.Release|x64.ActiveCfg = Release|Any CPU
		{4E778159-A9EA-4D93-AEB3-4691E6FB4188}.Release|x64.Build.0 = Release|Any CPU
		{4E778159-A9EA-4D93-AEB3-4691E6FB4188}.Release|x86.ActiveCfg = Release|Any CPU
		{4E778159-A9EA-4D93-AEB3-4691E6FB4188}.Release|x86.Build.0 = Release|Any CPU
		{EDCED365-8EA6-4886-91AF-2AED2246D0F0}..net4.5.2|Any CPU.ActiveCfg = Debug|Any CPU
		{EDCED365-8EA6-4886-91AF-2AED2246D0F0}..net4.5.2|Any CPU.Build.0 = Debug|Any CPU
		{EDCED365-8EA6-4886-91AF-2AED2246D0F0}..net4.5.2|x64.ActiveCfg = Debug|Any CPU
		{EDCED365-8EA6-4886-91AF-2AED2246D0F0}..net4.5.2|x64.Build.0 = Debug|Any CPU
		{EDCED365-8EA6-4886-91AF-2AED2246D0F0}..net4.5.2|x86.ActiveCfg = Debug|Any CPU
		{EDCED365-8EA6-4886-91AF-2AED2246D0F0}..net4.5.2|x86.Build.0 = Debug|Any CPU
		{EDCED365-8EA6-4886-91AF-2AED2246D0F0}..netcore|Any CPU.ActiveCfg = Debug|Any CPU
		{EDCED365-8EA6-4886-91AF-2AED2246D0F0}..netcore|Any CPU.Build.0 = Debug|Any CPU
		{EDCED365-8EA6-4886-91AF-2AED2246D0F0}..netcore|x64.ActiveCfg = Debug|Any CPU
		{EDCED365-8EA6-4886-91AF-2AED2246D0F0}..netcore|x64.Build.0 = Debug|Any CPU
		{EDCED365-8EA6-4886-91AF-2AED2246D0F0}..netcore|x86.ActiveCfg = Debug|Any CPU
		{EDCED365-8EA6-4886-91AF-2AED2246D0F0}..netcore|x86.Build.0 = Debug|Any CPU
		{EDCED365-8EA6-4886-91AF-2AED2246D0F0}.Debug|Any CPU.ActiveCfg = Debug|Any CPU
		{EDCED365-8EA6-4886-91AF-2AED2246D0F0}.Debug|Any CPU.Build.0 = Debug|Any CPU
		{EDCED365-8EA6-4886-91AF-2AED2246D0F0}.Debug|x64.ActiveCfg = Debug|Any CPU
		{EDCED365-8EA6-4886-91AF-2AED2246D0F0}.Debug|x64.Build.0 = Debug|Any CPU
		{EDCED365-8EA6-4886-91AF-2AED2246D0F0}.Debug|x86.ActiveCfg = Debug|Any CPU
		{EDCED365-8EA6-4886-91AF-2AED2246D0F0}.Debug|x86.Build.0 = Debug|Any CPU
		{EDCED365-8EA6-4886-91AF-2AED2246D0F0}.Mint|Any CPU.ActiveCfg = Debug|Any CPU
		{EDCED365-8EA6-4886-91AF-2AED2246D0F0}.Mint|Any CPU.Build.0 = Debug|Any CPU
		{EDCED365-8EA6-4886-91AF-2AED2246D0F0}.Mint|x64.ActiveCfg = Debug|Any CPU
		{EDCED365-8EA6-4886-91AF-2AED2246D0F0}.Mint|x64.Build.0 = Debug|Any CPU
		{EDCED365-8EA6-4886-91AF-2AED2246D0F0}.Mint|x86.ActiveCfg = Debug|Any CPU
		{EDCED365-8EA6-4886-91AF-2AED2246D0F0}.Mint|x86.Build.0 = Debug|Any CPU
		{EDCED365-8EA6-4886-91AF-2AED2246D0F0}.Release|Any CPU.ActiveCfg = Release|Any CPU
		{EDCED365-8EA6-4886-91AF-2AED2246D0F0}.Release|Any CPU.Build.0 = Release|Any CPU
		{EDCED365-8EA6-4886-91AF-2AED2246D0F0}.Release|x64.ActiveCfg = Release|Any CPU
		{EDCED365-8EA6-4886-91AF-2AED2246D0F0}.Release|x64.Build.0 = Release|Any CPU
		{EDCED365-8EA6-4886-91AF-2AED2246D0F0}.Release|x86.ActiveCfg = Release|Any CPU
		{EDCED365-8EA6-4886-91AF-2AED2246D0F0}.Release|x86.Build.0 = Release|Any CPU
		{1770F6DC-D37A-4EF2-A70E-12C450A6D059}..net4.5.2|Any CPU.ActiveCfg = Debug|Any CPU
		{1770F6DC-D37A-4EF2-A70E-12C450A6D059}..net4.5.2|Any CPU.Build.0 = Debug|Any CPU
		{1770F6DC-D37A-4EF2-A70E-12C450A6D059}..net4.5.2|x64.ActiveCfg = Debug|Any CPU
		{1770F6DC-D37A-4EF2-A70E-12C450A6D059}..net4.5.2|x64.Build.0 = Debug|Any CPU
		{1770F6DC-D37A-4EF2-A70E-12C450A6D059}..net4.5.2|x86.ActiveCfg = Debug|Any CPU
		{1770F6DC-D37A-4EF2-A70E-12C450A6D059}..net4.5.2|x86.Build.0 = Debug|Any CPU
		{1770F6DC-D37A-4EF2-A70E-12C450A6D059}..netcore|Any CPU.ActiveCfg = Debug|Any CPU
		{1770F6DC-D37A-4EF2-A70E-12C450A6D059}..netcore|Any CPU.Build.0 = Debug|Any CPU
		{1770F6DC-D37A-4EF2-A70E-12C450A6D059}..netcore|x64.ActiveCfg = Debug|Any CPU
		{1770F6DC-D37A-4EF2-A70E-12C450A6D059}..netcore|x64.Build.0 = Debug|Any CPU
		{1770F6DC-D37A-4EF2-A70E-12C450A6D059}..netcore|x86.ActiveCfg = Debug|Any CPU
		{1770F6DC-D37A-4EF2-A70E-12C450A6D059}..netcore|x86.Build.0 = Debug|Any CPU
		{1770F6DC-D37A-4EF2-A70E-12C450A6D059}.Debug|Any CPU.ActiveCfg = Debug|Any CPU
		{1770F6DC-D37A-4EF2-A70E-12C450A6D059}.Debug|Any CPU.Build.0 = Debug|Any CPU
		{1770F6DC-D37A-4EF2-A70E-12C450A6D059}.Debug|x64.ActiveCfg = Debug|Any CPU
		{1770F6DC-D37A-4EF2-A70E-12C450A6D059}.Debug|x64.Build.0 = Debug|Any CPU
		{1770F6DC-D37A-4EF2-A70E-12C450A6D059}.Debug|x86.ActiveCfg = Debug|Any CPU
		{1770F6DC-D37A-4EF2-A70E-12C450A6D059}.Debug|x86.Build.0 = Debug|Any CPU
		{1770F6DC-D37A-4EF2-A70E-12C450A6D059}.Mint|Any CPU.ActiveCfg = Debug|Any CPU
		{1770F6DC-D37A-4EF2-A70E-12C450A6D059}.Mint|Any CPU.Build.0 = Debug|Any CPU
		{1770F6DC-D37A-4EF2-A70E-12C450A6D059}.Mint|x64.ActiveCfg = Debug|Any CPU
		{1770F6DC-D37A-4EF2-A70E-12C450A6D059}.Mint|x64.Build.0 = Debug|Any CPU
		{1770F6DC-D37A-4EF2-A70E-12C450A6D059}.Mint|x86.ActiveCfg = Debug|Any CPU
		{1770F6DC-D37A-4EF2-A70E-12C450A6D059}.Mint|x86.Build.0 = Debug|Any CPU
		{1770F6DC-D37A-4EF2-A70E-12C450A6D059}.Release|Any CPU.ActiveCfg = Release|Any CPU
		{1770F6DC-D37A-4EF2-A70E-12C450A6D059}.Release|Any CPU.Build.0 = Release|Any CPU
		{1770F6DC-D37A-4EF2-A70E-12C450A6D059}.Release|x64.ActiveCfg = Release|Any CPU
		{1770F6DC-D37A-4EF2-A70E-12C450A6D059}.Release|x64.Build.0 = Release|Any CPU
		{1770F6DC-D37A-4EF2-A70E-12C450A6D059}.Release|x86.ActiveCfg = Release|Any CPU
		{1770F6DC-D37A-4EF2-A70E-12C450A6D059}.Release|x86.Build.0 = Release|Any CPU
		{EB17557B-4797-4883-83FF-C9E11581E3F3}..net4.5.2|Any CPU.ActiveCfg = Debug|Any CPU
		{EB17557B-4797-4883-83FF-C9E11581E3F3}..net4.5.2|Any CPU.Build.0 = Debug|Any CPU
		{EB17557B-4797-4883-83FF-C9E11581E3F3}..net4.5.2|x64.ActiveCfg = Debug|Any CPU
		{EB17557B-4797-4883-83FF-C9E11581E3F3}..net4.5.2|x64.Build.0 = Debug|Any CPU
		{EB17557B-4797-4883-83FF-C9E11581E3F3}..net4.5.2|x86.ActiveCfg = Debug|Any CPU
		{EB17557B-4797-4883-83FF-C9E11581E3F3}..net4.5.2|x86.Build.0 = Debug|Any CPU
		{EB17557B-4797-4883-83FF-C9E11581E3F3}..netcore|Any CPU.ActiveCfg = Debug|Any CPU
		{EB17557B-4797-4883-83FF-C9E11581E3F3}..netcore|Any CPU.Build.0 = Debug|Any CPU
		{EB17557B-4797-4883-83FF-C9E11581E3F3}..netcore|x64.ActiveCfg = Debug|Any CPU
		{EB17557B-4797-4883-83FF-C9E11581E3F3}..netcore|x64.Build.0 = Debug|Any CPU
		{EB17557B-4797-4883-83FF-C9E11581E3F3}..netcore|x86.ActiveCfg = Debug|Any CPU
		{EB17557B-4797-4883-83FF-C9E11581E3F3}..netcore|x86.Build.0 = Debug|Any CPU
		{EB17557B-4797-4883-83FF-C9E11581E3F3}.Debug|Any CPU.ActiveCfg = Debug|Any CPU
		{EB17557B-4797-4883-83FF-C9E11581E3F3}.Debug|Any CPU.Build.0 = Debug|Any CPU
		{EB17557B-4797-4883-83FF-C9E11581E3F3}.Debug|x64.ActiveCfg = Debug|Any CPU
		{EB17557B-4797-4883-83FF-C9E11581E3F3}.Debug|x64.Build.0 = Debug|Any CPU
		{EB17557B-4797-4883-83FF-C9E11581E3F3}.Debug|x86.ActiveCfg = Debug|Any CPU
		{EB17557B-4797-4883-83FF-C9E11581E3F3}.Debug|x86.Build.0 = Debug|Any CPU
		{EB17557B-4797-4883-83FF-C9E11581E3F3}.Mint|Any CPU.ActiveCfg = Mint|Any CPU
		{EB17557B-4797-4883-83FF-C9E11581E3F3}.Mint|Any CPU.Build.0 = Mint|Any CPU
		{EB17557B-4797-4883-83FF-C9E11581E3F3}.Mint|x64.ActiveCfg = Mint|Any CPU
		{EB17557B-4797-4883-83FF-C9E11581E3F3}.Mint|x64.Build.0 = Mint|Any CPU
		{EB17557B-4797-4883-83FF-C9E11581E3F3}.Mint|x86.ActiveCfg = Mint|Any CPU
		{EB17557B-4797-4883-83FF-C9E11581E3F3}.Mint|x86.Build.0 = Mint|Any CPU
		{EB17557B-4797-4883-83FF-C9E11581E3F3}.Release|Any CPU.ActiveCfg = Release|Any CPU
		{EB17557B-4797-4883-83FF-C9E11581E3F3}.Release|Any CPU.Build.0 = Release|Any CPU
		{EB17557B-4797-4883-83FF-C9E11581E3F3}.Release|x64.ActiveCfg = Release|Any CPU
		{EB17557B-4797-4883-83FF-C9E11581E3F3}.Release|x64.Build.0 = Release|Any CPU
		{EB17557B-4797-4883-83FF-C9E11581E3F3}.Release|x86.ActiveCfg = Release|Any CPU
		{EB17557B-4797-4883-83FF-C9E11581E3F3}.Release|x86.Build.0 = Release|Any CPU
		{713B5EBD-412B-4195-BE33-512886DF5E28}..net4.5.2|Any CPU.ActiveCfg = Debug|Any CPU
		{713B5EBD-412B-4195-BE33-512886DF5E28}..net4.5.2|Any CPU.Build.0 = Debug|Any CPU
		{713B5EBD-412B-4195-BE33-512886DF5E28}..net4.5.2|x64.ActiveCfg = Debug|Any CPU
		{713B5EBD-412B-4195-BE33-512886DF5E28}..net4.5.2|x64.Build.0 = Debug|Any CPU
		{713B5EBD-412B-4195-BE33-512886DF5E28}..net4.5.2|x86.ActiveCfg = Debug|Any CPU
		{713B5EBD-412B-4195-BE33-512886DF5E28}..net4.5.2|x86.Build.0 = Debug|Any CPU
		{713B5EBD-412B-4195-BE33-512886DF5E28}..netcore|Any CPU.ActiveCfg = Debug|Any CPU
		{713B5EBD-412B-4195-BE33-512886DF5E28}..netcore|Any CPU.Build.0 = Debug|Any CPU
		{713B5EBD-412B-4195-BE33-512886DF5E28}..netcore|x64.ActiveCfg = Debug|Any CPU
		{713B5EBD-412B-4195-BE33-512886DF5E28}..netcore|x64.Build.0 = Debug|Any CPU
		{713B5EBD-412B-4195-BE33-512886DF5E28}..netcore|x86.ActiveCfg = Debug|Any CPU
		{713B5EBD-412B-4195-BE33-512886DF5E28}..netcore|x86.Build.0 = Debug|Any CPU
		{713B5EBD-412B-4195-BE33-512886DF5E28}.Debug|Any CPU.ActiveCfg = Debug|Any CPU
		{713B5EBD-412B-4195-BE33-512886DF5E28}.Debug|Any CPU.Build.0 = Debug|Any CPU
		{713B5EBD-412B-4195-BE33-512886DF5E28}.Debug|x64.ActiveCfg = Debug|Any CPU
		{713B5EBD-412B-4195-BE33-512886DF5E28}.Debug|x64.Build.0 = Debug|Any CPU
		{713B5EBD-412B-4195-BE33-512886DF5E28}.Debug|x86.ActiveCfg = Debug|Any CPU
		{713B5EBD-412B-4195-BE33-512886DF5E28}.Debug|x86.Build.0 = Debug|Any CPU
		{713B5EBD-412B-4195-BE33-512886DF5E28}.Mint|Any CPU.ActiveCfg = Debug|Any CPU
		{713B5EBD-412B-4195-BE33-512886DF5E28}.Mint|Any CPU.Build.0 = Debug|Any CPU
		{713B5EBD-412B-4195-BE33-512886DF5E28}.Mint|x64.ActiveCfg = Debug|Any CPU
		{713B5EBD-412B-4195-BE33-512886DF5E28}.Mint|x64.Build.0 = Debug|Any CPU
		{713B5EBD-412B-4195-BE33-512886DF5E28}.Mint|x86.ActiveCfg = Debug|Any CPU
		{713B5EBD-412B-4195-BE33-512886DF5E28}.Mint|x86.Build.0 = Debug|Any CPU
		{713B5EBD-412B-4195-BE33-512886DF5E28}.Release|Any CPU.ActiveCfg = Release|Any CPU
		{713B5EBD-412B-4195-BE33-512886DF5E28}.Release|Any CPU.Build.0 = Release|Any CPU
		{713B5EBD-412B-4195-BE33-512886DF5E28}.Release|x64.ActiveCfg = Release|Any CPU
		{713B5EBD-412B-4195-BE33-512886DF5E28}.Release|x64.Build.0 = Release|Any CPU
		{713B5EBD-412B-4195-BE33-512886DF5E28}.Release|x86.ActiveCfg = Release|Any CPU
		{713B5EBD-412B-4195-BE33-512886DF5E28}.Release|x86.Build.0 = Release|Any CPU
		{18B135BF-9634-4486-A00F-3D52100D3B8E}..net4.5.2|Any CPU.ActiveCfg = Debug|Any CPU
		{18B135BF-9634-4486-A00F-3D52100D3B8E}..net4.5.2|Any CPU.Build.0 = Debug|Any CPU
		{18B135BF-9634-4486-A00F-3D52100D3B8E}..net4.5.2|x64.ActiveCfg = Debug|Any CPU
		{18B135BF-9634-4486-A00F-3D52100D3B8E}..net4.5.2|x64.Build.0 = Debug|Any CPU
		{18B135BF-9634-4486-A00F-3D52100D3B8E}..net4.5.2|x86.ActiveCfg = Debug|Any CPU
		{18B135BF-9634-4486-A00F-3D52100D3B8E}..net4.5.2|x86.Build.0 = Debug|Any CPU
		{18B135BF-9634-4486-A00F-3D52100D3B8E}..netcore|Any CPU.ActiveCfg = Debug|Any CPU
		{18B135BF-9634-4486-A00F-3D52100D3B8E}..netcore|Any CPU.Build.0 = Debug|Any CPU
		{18B135BF-9634-4486-A00F-3D52100D3B8E}..netcore|x64.ActiveCfg = Debug|Any CPU
		{18B135BF-9634-4486-A00F-3D52100D3B8E}..netcore|x64.Build.0 = Debug|Any CPU
		{18B135BF-9634-4486-A00F-3D52100D3B8E}..netcore|x86.ActiveCfg = Debug|Any CPU
		{18B135BF-9634-4486-A00F-3D52100D3B8E}..netcore|x86.Build.0 = Debug|Any CPU
		{18B135BF-9634-4486-A00F-3D52100D3B8E}.Debug|Any CPU.ActiveCfg = Debug|Any CPU
		{18B135BF-9634-4486-A00F-3D52100D3B8E}.Debug|Any CPU.Build.0 = Debug|Any CPU
		{18B135BF-9634-4486-A00F-3D52100D3B8E}.Debug|x64.ActiveCfg = Debug|Any CPU
		{18B135BF-9634-4486-A00F-3D52100D3B8E}.Debug|x64.Build.0 = Debug|Any CPU
		{18B135BF-9634-4486-A00F-3D52100D3B8E}.Debug|x86.ActiveCfg = Debug|Any CPU
		{18B135BF-9634-4486-A00F-3D52100D3B8E}.Debug|x86.Build.0 = Debug|Any CPU
		{18B135BF-9634-4486-A00F-3D52100D3B8E}.Mint|Any CPU.ActiveCfg = Debug|Any CPU
		{18B135BF-9634-4486-A00F-3D52100D3B8E}.Mint|Any CPU.Build.0 = Debug|Any CPU
		{18B135BF-9634-4486-A00F-3D52100D3B8E}.Mint|x64.ActiveCfg = Debug|Any CPU
		{18B135BF-9634-4486-A00F-3D52100D3B8E}.Mint|x64.Build.0 = Debug|Any CPU
		{18B135BF-9634-4486-A00F-3D52100D3B8E}.Mint|x86.ActiveCfg = Debug|Any CPU
		{18B135BF-9634-4486-A00F-3D52100D3B8E}.Mint|x86.Build.0 = Debug|Any CPU
		{18B135BF-9634-4486-A00F-3D52100D3B8E}.Release|Any CPU.ActiveCfg = Release|Any CPU
		{18B135BF-9634-4486-A00F-3D52100D3B8E}.Release|Any CPU.Build.0 = Release|Any CPU
		{18B135BF-9634-4486-A00F-3D52100D3B8E}.Release|x64.ActiveCfg = Release|Any CPU
		{18B135BF-9634-4486-A00F-3D52100D3B8E}.Release|x64.Build.0 = Release|Any CPU
		{18B135BF-9634-4486-A00F-3D52100D3B8E}.Release|x86.ActiveCfg = Release|Any CPU
		{18B135BF-9634-4486-A00F-3D52100D3B8E}.Release|x86.Build.0 = Release|Any CPU
	EndGlobalSection
	GlobalSection(SolutionProperties) = preSolution
		HideSolutionNode = FALSE
	EndGlobalSection
	GlobalSection(NestedProjects) = preSolution
		{30E4FEE3-BCF0-43AB-B3E0-6083D576D808} = {C8111804-63DA-4E74-9C1F-FEC46632A33B}
		{713B5EBD-412B-4195-BE33-512886DF5E28} = {93B61690-3FBD-4C23-8A76-36796D49CB5E}
		{18B135BF-9634-4486-A00F-3D52100D3B8E} = {93B61690-3FBD-4C23-8A76-36796D49CB5E}
		{EDCED365-8EA6-4886-91AF-2AED2246D0F0} = {93B61690-3FBD-4C23-8A76-36796D49CB5E}
		{4E778159-A9EA-4D93-AEB3-4691E6FB4188} = {93B61690-3FBD-4C23-8A76-36796D49CB5E}
	EndGlobalSection
EndGlobal
