
Microsoft Visual Studio Solution File, Format Version 12.00
# Visual Studio 15
VisualStudioVersion = 15.0.26430.15
MinimumVisualStudioVersion = 10.0.40219.1
Project("{2150E333-8FDC-42A3-9474-1A3956D46DE8}") = "Solution Items", "Solution Items", "{C8111804-63DA-4E74-9C1F-FEC46632A33B}"
	ProjectSection(SolutionItems) = preProject
		appveyor.yml = appveyor.yml
		mono_install.sh = mono_install.sh
		README.md = README.md
	EndProjectSection
EndProject
Project("{FAE04EC0-301F-11D3-BF4B-00C04F79EFBC}") = "FileUploader", "Samples\FileUploader\FileUploader.csproj", "{04E6286A-50DA-444B-B663-6D7386D4CC4A}"
EndProject
Project("{FAE04EC0-301F-11D3-BF4B-00C04F79EFBC}") = "Minio.Tests", "Minio.Tests\Minio.Tests.csproj", "{040B2A3E-8003-4460-80CF-6262DDDAE89D}"
EndProject
Project("{2150E333-8FDC-42A3-9474-1A3956D46DE8}") = "Docs", "Docs", "{30E4FEE3-BCF0-43AB-B3E0-6083D576D808}"
	ProjectSection(SolutionItems) = preProject
		Docs\API.md = Docs\API.md
	EndProjectSection
EndProject
Project("{FAE04EC0-301F-11D3-BF4B-00C04F79EFBC}") = "Minio.Core", "Minio.Core\Minio.Core.csproj", "{2B75EC53-17EB-461C-A9DD-4823CF2A2E9B}"
EndProject
Project("{FAE04EC0-301F-11D3-BF4B-00C04F79EFBC}") = "Minio.Net452", "Minio.Net452\Minio.Net452.csproj", "{EB17557B-4797-4883-83FF-C9E11581E3F3}"
EndProject
Project("{D954291E-2A0B-460D-934E-DC6B0785DB48}") = "Minio.Shared", "Minio\Minio.Shared.shproj", "{6F34C613-708D-4C99-9278-B4D0612024FF}"
EndProject
Project("{FAE04EC0-301F-11D3-BF4B-00C04F79EFBC}") = "SimpleTest", "Samples\SimpleTest\SimpleTest.csproj", "{DB799B77-2362-4D6E-B1EA-16111E78CEF5}"
EndProject
Project("{2150E333-8FDC-42A3-9474-1A3956D46DE8}") = "Samples", "Samples", "{B625A4B6-A7C7-4A77-AA8B-0F08D76057AC}"
	ProjectSection(SolutionItems) = preProject
		Samples\Minio.Examples\Program.cs = Samples\Minio.Examples\Program.cs
	EndProjectSection
EndProject
Project("{FAE04EC0-301F-11D3-BF4B-00C04F79EFBC}") = "Minio.Client.Examples.Core", "Samples\Minio.Examples\Minio.Client.Examples.Core\Minio.Client.Examples.Core.csproj", "{62954B2F-A1CB-4E79-87EE-83815ABB113D}"
EndProject
Project("{FAE04EC0-301F-11D3-BF4B-00C04F79EFBC}") = "Minio.Client.Examples.Net452", "Samples\Minio.Examples\Minio.Client.Examples.Net452\Minio.Client.Examples.Net452.csproj", "{BEB7AAD6-D26D-4DB2-91C6-916D2EF0C13B}"
EndProject
Project("{D954291E-2A0B-460D-934E-DC6B0785DB48}") = "Minio.Platform", "Minio.Platform\Minio.Platform.shproj", "{D0F01DEA-7696-49AF-8C11-6BF334BF738E}"
EndProject
Global
	GlobalSection(SolutionConfigurationPlatforms) = preSolution
		.net4.5.2|Any CPU = .net4.5.2|Any CPU
		.net4.5.2|x64 = .net4.5.2|x64
		.net4.5.2|x86 = .net4.5.2|x86
		.netcore|Any CPU = .netcore|Any CPU
		.netcore|x64 = .netcore|x64
		.netcore|x86 = .netcore|x86
		Debug|Any CPU = Debug|Any CPU
		Debug|x64 = Debug|x64
		Debug|x86 = Debug|x86
		Mint|Any CPU = Mint|Any CPU
		Mint|x64 = Mint|x64
		Mint|x86 = Mint|x86
		Release|Any CPU = Release|Any CPU
		Release|x64 = Release|x64
		Release|x86 = Release|x86
		net4.5.2|Any CPU = net4.5.2|Any CPU
		net4.5.2|x64 = net4.5.2|x64
		net4.5.2|x86 = net4.5.2|x86
	EndGlobalSection
	GlobalSection(ProjectConfigurationPlatforms) = postSolution
		{04E6286A-50DA-444B-B663-6D7386D4CC4A}..net4.5.2|Any CPU.ActiveCfg = .net4.5.2|Any CPU
		{04E6286A-50DA-444B-B663-6D7386D4CC4A}..net4.5.2|Any CPU.Build.0 = .net4.5.2|Any CPU
		{04E6286A-50DA-444B-B663-6D7386D4CC4A}..net4.5.2|x64.ActiveCfg = .net4.5.2|Any CPU
		{04E6286A-50DA-444B-B663-6D7386D4CC4A}..net4.5.2|x64.Build.0 = .net4.5.2|Any CPU
		{04E6286A-50DA-444B-B663-6D7386D4CC4A}..net4.5.2|x86.ActiveCfg = .net4.5.2|Any CPU
		{04E6286A-50DA-444B-B663-6D7386D4CC4A}..net4.5.2|x86.Build.0 = .net4.5.2|Any CPU
		{04E6286A-50DA-444B-B663-6D7386D4CC4A}..netcore|Any CPU.ActiveCfg = .netcore|Any CPU
		{04E6286A-50DA-444B-B663-6D7386D4CC4A}..netcore|x64.ActiveCfg = .netcore|Any CPU
		{04E6286A-50DA-444B-B663-6D7386D4CC4A}..netcore|x64.Build.0 = .netcore|Any CPU
		{04E6286A-50DA-444B-B663-6D7386D4CC4A}..netcore|x86.ActiveCfg = .netcore|Any CPU
		{04E6286A-50DA-444B-B663-6D7386D4CC4A}..netcore|x86.Build.0 = .netcore|Any CPU
		{04E6286A-50DA-444B-B663-6D7386D4CC4A}.Debug|Any CPU.ActiveCfg = Debug|Any CPU
		{04E6286A-50DA-444B-B663-6D7386D4CC4A}.Debug|Any CPU.Build.0 = Debug|Any CPU
		{04E6286A-50DA-444B-B663-6D7386D4CC4A}.Debug|x64.ActiveCfg = Debug|Any CPU
		{04E6286A-50DA-444B-B663-6D7386D4CC4A}.Debug|x64.Build.0 = Debug|Any CPU
		{04E6286A-50DA-444B-B663-6D7386D4CC4A}.Debug|x86.ActiveCfg = Debug|Any CPU
		{04E6286A-50DA-444B-B663-6D7386D4CC4A}.Debug|x86.Build.0 = Debug|Any CPU
		{04E6286A-50DA-444B-B663-6D7386D4CC4A}.Mint|Any CPU.ActiveCfg = Mint|Any CPU
		{04E6286A-50DA-444B-B663-6D7386D4CC4A}.Mint|x64.ActiveCfg = Mint|Any CPU
		{04E6286A-50DA-444B-B663-6D7386D4CC4A}.Mint|x64.Build.0 = Mint|Any CPU
		{04E6286A-50DA-444B-B663-6D7386D4CC4A}.Mint|x86.ActiveCfg = Mint|Any CPU
		{04E6286A-50DA-444B-B663-6D7386D4CC4A}.Mint|x86.Build.0 = Mint|Any CPU
		{04E6286A-50DA-444B-B663-6D7386D4CC4A}.Release|Any CPU.ActiveCfg = Release|Any CPU
		{04E6286A-50DA-444B-B663-6D7386D4CC4A}.Release|Any CPU.Build.0 = Release|Any CPU
		{04E6286A-50DA-444B-B663-6D7386D4CC4A}.Release|x64.ActiveCfg = Release|Any CPU
		{04E6286A-50DA-444B-B663-6D7386D4CC4A}.Release|x64.Build.0 = Release|Any CPU
		{04E6286A-50DA-444B-B663-6D7386D4CC4A}.Release|x86.ActiveCfg = Release|Any CPU
		{04E6286A-50DA-444B-B663-6D7386D4CC4A}.Release|x86.Build.0 = Release|Any CPU
		{04E6286A-50DA-444B-B663-6D7386D4CC4A}..netcore|Any CPU.Build.0 = .netcore|Any CPU
		{04E6286A-50DA-444B-B663-6D7386D4CC4A}.Mint|Any CPU.Build.0 = Mint|Any CPU
		{04E6286A-50DA-444B-B663-6D7386D4CC4A}.net4.5.2|Any CPU.ActiveCfg = net4.5.2|Any CPU
		{04E6286A-50DA-444B-B663-6D7386D4CC4A}.net4.5.2|Any CPU.Build.0 = net4.5.2|Any CPU
		{04E6286A-50DA-444B-B663-6D7386D4CC4A}.net4.5.2|x64.ActiveCfg = net4.5.2|Any CPU
		{04E6286A-50DA-444B-B663-6D7386D4CC4A}.net4.5.2|x64.Build.0 = net4.5.2|Any CPU
		{04E6286A-50DA-444B-B663-6D7386D4CC4A}.net4.5.2|x86.ActiveCfg = net4.5.2|Any CPU
		{04E6286A-50DA-444B-B663-6D7386D4CC4A}.net4.5.2|x86.Build.0 = net4.5.2|Any CPU
		{040B2A3E-8003-4460-80CF-6262DDDAE89D}..net4.5.2|Any CPU.ActiveCfg = .net4.5.2|Any CPU
		{040B2A3E-8003-4460-80CF-6262DDDAE89D}..net4.5.2|x64.ActiveCfg = .net4.5.2|Any CPU
		{040B2A3E-8003-4460-80CF-6262DDDAE89D}..net4.5.2|x64.Build.0 = .net4.5.2|Any CPU
		{040B2A3E-8003-4460-80CF-6262DDDAE89D}..net4.5.2|x86.ActiveCfg = .net4.5.2|Any CPU
		{040B2A3E-8003-4460-80CF-6262DDDAE89D}..net4.5.2|x86.Build.0 = .net4.5.2|Any CPU
		{040B2A3E-8003-4460-80CF-6262DDDAE89D}..netcore|Any CPU.ActiveCfg = .netcore|Any CPU
		{040B2A3E-8003-4460-80CF-6262DDDAE89D}..netcore|x64.ActiveCfg = .netcore|Any CPU
		{040B2A3E-8003-4460-80CF-6262DDDAE89D}..netcore|x64.Build.0 = .netcore|Any CPU
		{040B2A3E-8003-4460-80CF-6262DDDAE89D}..netcore|x86.ActiveCfg = .netcore|Any CPU
		{040B2A3E-8003-4460-80CF-6262DDDAE89D}..netcore|x86.Build.0 = .netcore|Any CPU
		{040B2A3E-8003-4460-80CF-6262DDDAE89D}.Debug|Any CPU.ActiveCfg = Debug|Any CPU
		{040B2A3E-8003-4460-80CF-6262DDDAE89D}.Debug|Any CPU.Build.0 = Debug|Any CPU
		{040B2A3E-8003-4460-80CF-6262DDDAE89D}.Debug|x64.ActiveCfg = Debug|Any CPU
		{040B2A3E-8003-4460-80CF-6262DDDAE89D}.Debug|x64.Build.0 = Debug|Any CPU
		{040B2A3E-8003-4460-80CF-6262DDDAE89D}.Debug|x86.ActiveCfg = Debug|Any CPU
		{040B2A3E-8003-4460-80CF-6262DDDAE89D}.Debug|x86.Build.0 = Debug|Any CPU
		{040B2A3E-8003-4460-80CF-6262DDDAE89D}.Mint|Any CPU.ActiveCfg = Mint|Any CPU
		{040B2A3E-8003-4460-80CF-6262DDDAE89D}.Mint|x64.ActiveCfg = Mint|Any CPU
		{040B2A3E-8003-4460-80CF-6262DDDAE89D}.Mint|x64.Build.0 = Mint|Any CPU
		{040B2A3E-8003-4460-80CF-6262DDDAE89D}.Mint|x86.ActiveCfg = Mint|Any CPU
		{040B2A3E-8003-4460-80CF-6262DDDAE89D}.Mint|x86.Build.0 = Mint|Any CPU
		{040B2A3E-8003-4460-80CF-6262DDDAE89D}.Release|Any CPU.ActiveCfg = Release|Any CPU
		{040B2A3E-8003-4460-80CF-6262DDDAE89D}.Release|x64.ActiveCfg = Release|Any CPU
		{040B2A3E-8003-4460-80CF-6262DDDAE89D}.Release|x64.Build.0 = Release|Any CPU
		{040B2A3E-8003-4460-80CF-6262DDDAE89D}.Release|x86.ActiveCfg = Release|Any CPU
		{040B2A3E-8003-4460-80CF-6262DDDAE89D}.Release|x86.Build.0 = Release|Any CPU
		{040B2A3E-8003-4460-80CF-6262DDDAE89D}.net4.5.2|Any CPU.ActiveCfg = Debug|Any CPU
		{040B2A3E-8003-4460-80CF-6262DDDAE89D}.net4.5.2|Any CPU.Build.0 = Debug|Any CPU
		{040B2A3E-8003-4460-80CF-6262DDDAE89D}.net4.5.2|x64.ActiveCfg = Debug|Any CPU
		{040B2A3E-8003-4460-80CF-6262DDDAE89D}.net4.5.2|x64.Build.0 = Debug|Any CPU
		{040B2A3E-8003-4460-80CF-6262DDDAE89D}.net4.5.2|x86.ActiveCfg = Debug|Any CPU
		{040B2A3E-8003-4460-80CF-6262DDDAE89D}.net4.5.2|x86.Build.0 = Debug|Any CPU
		{2B75EC53-17EB-461C-A9DD-4823CF2A2E9B}..net4.5.2|Any CPU.ActiveCfg = .net4.5.2|Any CPU
		{2B75EC53-17EB-461C-A9DD-4823CF2A2E9B}..net4.5.2|x64.ActiveCfg = .net4.5.2|x64
		{2B75EC53-17EB-461C-A9DD-4823CF2A2E9B}..net4.5.2|x64.Build.0 = .net4.5.2|x64
		{2B75EC53-17EB-461C-A9DD-4823CF2A2E9B}..net4.5.2|x86.ActiveCfg = .net4.5.2|x86
		{2B75EC53-17EB-461C-A9DD-4823CF2A2E9B}..net4.5.2|x86.Build.0 = .net4.5.2|x86
		{2B75EC53-17EB-461C-A9DD-4823CF2A2E9B}..netcore|Any CPU.ActiveCfg = .netcore|Any CPU
		{2B75EC53-17EB-461C-A9DD-4823CF2A2E9B}..netcore|Any CPU.Build.0 = .netcore|Any CPU
		{2B75EC53-17EB-461C-A9DD-4823CF2A2E9B}..netcore|x64.ActiveCfg = .netcore|x64
		{2B75EC53-17EB-461C-A9DD-4823CF2A2E9B}..netcore|x64.Build.0 = .netcore|x64
		{2B75EC53-17EB-461C-A9DD-4823CF2A2E9B}..netcore|x86.ActiveCfg = .netcore|x86
		{2B75EC53-17EB-461C-A9DD-4823CF2A2E9B}..netcore|x86.Build.0 = .netcore|x86
		{2B75EC53-17EB-461C-A9DD-4823CF2A2E9B}.Debug|Any CPU.ActiveCfg = Debug|Any CPU
		{2B75EC53-17EB-461C-A9DD-4823CF2A2E9B}.Debug|Any CPU.Build.0 = Debug|Any CPU
		{2B75EC53-17EB-461C-A9DD-4823CF2A2E9B}.Debug|x64.ActiveCfg = Debug|Any CPU
		{2B75EC53-17EB-461C-A9DD-4823CF2A2E9B}.Debug|x64.Build.0 = Debug|Any CPU
		{2B75EC53-17EB-461C-A9DD-4823CF2A2E9B}.Debug|x86.ActiveCfg = Debug|Any CPU
		{2B75EC53-17EB-461C-A9DD-4823CF2A2E9B}.Debug|x86.Build.0 = Debug|Any CPU
		{2B75EC53-17EB-461C-A9DD-4823CF2A2E9B}.Mint|Any CPU.ActiveCfg = Mint|Any CPU
		{2B75EC53-17EB-461C-A9DD-4823CF2A2E9B}.Mint|x64.ActiveCfg = Mint|x64
		{2B75EC53-17EB-461C-A9DD-4823CF2A2E9B}.Mint|x64.Build.0 = Mint|x64
		{2B75EC53-17EB-461C-A9DD-4823CF2A2E9B}.Mint|x86.ActiveCfg = Mint|x86
		{2B75EC53-17EB-461C-A9DD-4823CF2A2E9B}.Mint|x86.Build.0 = Mint|x86
		{2B75EC53-17EB-461C-A9DD-4823CF2A2E9B}.Release|Any CPU.ActiveCfg = Release|Any CPU
		{2B75EC53-17EB-461C-A9DD-4823CF2A2E9B}.Release|Any CPU.Build.0 = Release|Any CPU
		{2B75EC53-17EB-461C-A9DD-4823CF2A2E9B}.Release|x64.ActiveCfg = Release|Any CPU
		{2B75EC53-17EB-461C-A9DD-4823CF2A2E9B}.Release|x64.Build.0 = Release|Any CPU
		{2B75EC53-17EB-461C-A9DD-4823CF2A2E9B}.Release|x86.ActiveCfg = Release|Any CPU
		{2B75EC53-17EB-461C-A9DD-4823CF2A2E9B}.Release|x86.Build.0 = Release|Any CPU
		{2B75EC53-17EB-461C-A9DD-4823CF2A2E9B}.net4.5.2|Any CPU.ActiveCfg = net4.5.2|Any CPU
		{2B75EC53-17EB-461C-A9DD-4823CF2A2E9B}.net4.5.2|Any CPU.Build.0 = net4.5.2|Any CPU
		{2B75EC53-17EB-461C-A9DD-4823CF2A2E9B}.net4.5.2|x64.ActiveCfg = net4.5.2|x64
		{2B75EC53-17EB-461C-A9DD-4823CF2A2E9B}.net4.5.2|x64.Build.0 = net4.5.2|x64
		{2B75EC53-17EB-461C-A9DD-4823CF2A2E9B}.net4.5.2|x86.ActiveCfg = net4.5.2|x86
		{2B75EC53-17EB-461C-A9DD-4823CF2A2E9B}.net4.5.2|x86.Build.0 = net4.5.2|x86
		{EB17557B-4797-4883-83FF-C9E11581E3F3}..net4.5.2|Any CPU.ActiveCfg = .net4.5.2|Any CPU
		{EB17557B-4797-4883-83FF-C9E11581E3F3}..net4.5.2|Any CPU.Build.0 = .net4.5.2|Any CPU
		{EB17557B-4797-4883-83FF-C9E11581E3F3}..net4.5.2|x64.ActiveCfg = .net4.5.2|Any CPU
		{EB17557B-4797-4883-83FF-C9E11581E3F3}..net4.5.2|x64.Build.0 = .net4.5.2|Any CPU
		{EB17557B-4797-4883-83FF-C9E11581E3F3}..net4.5.2|x86.ActiveCfg = .net4.5.2|Any CPU
		{EB17557B-4797-4883-83FF-C9E11581E3F3}..net4.5.2|x86.Build.0 = .net4.5.2|Any CPU
		{EB17557B-4797-4883-83FF-C9E11581E3F3}..netcore|Any CPU.ActiveCfg = .netcore|Any CPU
		{EB17557B-4797-4883-83FF-C9E11581E3F3}..netcore|x64.ActiveCfg = .netcore|Any CPU
		{EB17557B-4797-4883-83FF-C9E11581E3F3}..netcore|x64.Build.0 = .netcore|Any CPU
		{EB17557B-4797-4883-83FF-C9E11581E3F3}..netcore|x86.ActiveCfg = .netcore|Any CPU
		{EB17557B-4797-4883-83FF-C9E11581E3F3}..netcore|x86.Build.0 = .netcore|Any CPU
		{EB17557B-4797-4883-83FF-C9E11581E3F3}.Debug|Any CPU.ActiveCfg = Debug|Any CPU
		{EB17557B-4797-4883-83FF-C9E11581E3F3}.Debug|Any CPU.Build.0 = Debug|Any CPU
		{EB17557B-4797-4883-83FF-C9E11581E3F3}.Debug|Any CPU.Deploy.0 = Debug|Any CPU
		{EB17557B-4797-4883-83FF-C9E11581E3F3}.Debug|x64.ActiveCfg = Debug|Any CPU
		{EB17557B-4797-4883-83FF-C9E11581E3F3}.Debug|x64.Build.0 = Debug|Any CPU
		{EB17557B-4797-4883-83FF-C9E11581E3F3}.Debug|x86.ActiveCfg = Debug|Any CPU
		{EB17557B-4797-4883-83FF-C9E11581E3F3}.Debug|x86.Build.0 = Debug|Any CPU
		{EB17557B-4797-4883-83FF-C9E11581E3F3}.Mint|Any CPU.ActiveCfg = Mint|Any CPU
		{EB17557B-4797-4883-83FF-C9E11581E3F3}.Mint|x64.ActiveCfg = Mint|Any CPU
		{EB17557B-4797-4883-83FF-C9E11581E3F3}.Mint|x64.Build.0 = Mint|Any CPU
		{EB17557B-4797-4883-83FF-C9E11581E3F3}.Mint|x86.ActiveCfg = Mint|Any CPU
		{EB17557B-4797-4883-83FF-C9E11581E3F3}.Mint|x86.Build.0 = Mint|Any CPU
		{EB17557B-4797-4883-83FF-C9E11581E3F3}.Release|Any CPU.ActiveCfg = Release|Any CPU
		{EB17557B-4797-4883-83FF-C9E11581E3F3}.Release|Any CPU.Build.0 = Release|Any CPU
		{EB17557B-4797-4883-83FF-C9E11581E3F3}.Release|x64.ActiveCfg = Release|Any CPU
		{EB17557B-4797-4883-83FF-C9E11581E3F3}.Release|x64.Build.0 = Release|Any CPU
		{EB17557B-4797-4883-83FF-C9E11581E3F3}.Release|x86.ActiveCfg = Release|Any CPU
		{EB17557B-4797-4883-83FF-C9E11581E3F3}.Release|x86.Build.0 = Release|Any CPU
		{EB17557B-4797-4883-83FF-C9E11581E3F3}.net4.5.2|Any CPU.ActiveCfg = net4.5.2|Any CPU
		{EB17557B-4797-4883-83FF-C9E11581E3F3}.net4.5.2|Any CPU.Build.0 = net4.5.2|Any CPU
		{EB17557B-4797-4883-83FF-C9E11581E3F3}.net4.5.2|x64.ActiveCfg = net4.5.2|Any CPU
		{EB17557B-4797-4883-83FF-C9E11581E3F3}.net4.5.2|x64.Build.0 = net4.5.2|Any CPU
		{EB17557B-4797-4883-83FF-C9E11581E3F3}.net4.5.2|x86.ActiveCfg = net4.5.2|Any CPU
		{EB17557B-4797-4883-83FF-C9E11581E3F3}.net4.5.2|x86.Build.0 = net4.5.2|Any CPU
		{DB799B77-2362-4D6E-B1EA-16111E78CEF5}..net4.5.2|Any CPU.ActiveCfg = .net4.5.2|Any CPU
		{DB799B77-2362-4D6E-B1EA-16111E78CEF5}..net4.5.2|Any CPU.Build.0 = .net4.5.2|Any CPU
		{DB799B77-2362-4D6E-B1EA-16111E78CEF5}..net4.5.2|x64.ActiveCfg = .net4.5.2|Any CPU
		{DB799B77-2362-4D6E-B1EA-16111E78CEF5}..net4.5.2|x64.Build.0 = .net4.5.2|Any CPU
		{DB799B77-2362-4D6E-B1EA-16111E78CEF5}..net4.5.2|x86.ActiveCfg = .net4.5.2|Any CPU
		{DB799B77-2362-4D6E-B1EA-16111E78CEF5}..net4.5.2|x86.Build.0 = .net4.5.2|Any CPU
		{DB799B77-2362-4D6E-B1EA-16111E78CEF5}..netcore|Any CPU.ActiveCfg = .netcore|Any CPU
		{DB799B77-2362-4D6E-B1EA-16111E78CEF5}..netcore|Any CPU.Build.0 = .netcore|Any CPU
		{DB799B77-2362-4D6E-B1EA-16111E78CEF5}..netcore|x64.ActiveCfg = .netcore|Any CPU
		{DB799B77-2362-4D6E-B1EA-16111E78CEF5}..netcore|x64.Build.0 = .netcore|Any CPU
		{DB799B77-2362-4D6E-B1EA-16111E78CEF5}..netcore|x86.ActiveCfg = .netcore|Any CPU
		{DB799B77-2362-4D6E-B1EA-16111E78CEF5}..netcore|x86.Build.0 = .netcore|Any CPU
		{DB799B77-2362-4D6E-B1EA-16111E78CEF5}.Debug|Any CPU.ActiveCfg = Debug|Any CPU
		{DB799B77-2362-4D6E-B1EA-16111E78CEF5}.Debug|Any CPU.Build.0 = Debug|Any CPU
		{DB799B77-2362-4D6E-B1EA-16111E78CEF5}.Debug|x64.ActiveCfg = Debug|Any CPU
		{DB799B77-2362-4D6E-B1EA-16111E78CEF5}.Debug|x64.Build.0 = Debug|Any CPU
		{DB799B77-2362-4D6E-B1EA-16111E78CEF5}.Debug|x86.ActiveCfg = Debug|Any CPU
		{DB799B77-2362-4D6E-B1EA-16111E78CEF5}.Debug|x86.Build.0 = Debug|Any CPU
		{DB799B77-2362-4D6E-B1EA-16111E78CEF5}.Mint|Any CPU.ActiveCfg = Mint|Any CPU
		{DB799B77-2362-4D6E-B1EA-16111E78CEF5}.Mint|Any CPU.Build.0 = Mint|Any CPU
		{DB799B77-2362-4D6E-B1EA-16111E78CEF5}.Mint|x64.ActiveCfg = Mint|Any CPU
		{DB799B77-2362-4D6E-B1EA-16111E78CEF5}.Mint|x64.Build.0 = Mint|Any CPU
		{DB799B77-2362-4D6E-B1EA-16111E78CEF5}.Mint|x86.ActiveCfg = Mint|Any CPU
		{DB799B77-2362-4D6E-B1EA-16111E78CEF5}.Mint|x86.Build.0 = Mint|Any CPU
		{DB799B77-2362-4D6E-B1EA-16111E78CEF5}.Release|Any CPU.ActiveCfg = Release|Any CPU
		{DB799B77-2362-4D6E-B1EA-16111E78CEF5}.Release|Any CPU.Build.0 = Release|Any CPU
		{DB799B77-2362-4D6E-B1EA-16111E78CEF5}.Release|x64.ActiveCfg = Release|Any CPU
		{DB799B77-2362-4D6E-B1EA-16111E78CEF5}.Release|x64.Build.0 = Release|Any CPU
		{DB799B77-2362-4D6E-B1EA-16111E78CEF5}.Release|x86.ActiveCfg = Release|Any CPU
		{DB799B77-2362-4D6E-B1EA-16111E78CEF5}.Release|x86.Build.0 = Release|Any CPU
		{DB799B77-2362-4D6E-B1EA-16111E78CEF5}.net4.5.2|Any CPU.ActiveCfg = net4.5.2|Any CPU
		{DB799B77-2362-4D6E-B1EA-16111E78CEF5}.net4.5.2|Any CPU.Build.0 = net4.5.2|Any CPU
		{DB799B77-2362-4D6E-B1EA-16111E78CEF5}.net4.5.2|x64.ActiveCfg = net4.5.2|Any CPU
		{DB799B77-2362-4D6E-B1EA-16111E78CEF5}.net4.5.2|x64.Build.0 = net4.5.2|Any CPU
		{DB799B77-2362-4D6E-B1EA-16111E78CEF5}.net4.5.2|x86.ActiveCfg = net4.5.2|Any CPU
		{DB799B77-2362-4D6E-B1EA-16111E78CEF5}.net4.5.2|x86.Build.0 = net4.5.2|Any CPU
		{62954B2F-A1CB-4E79-87EE-83815ABB113D}..net4.5.2|Any CPU.ActiveCfg = .net4.5.2|Any CPU
		{62954B2F-A1CB-4E79-87EE-83815ABB113D}..net4.5.2|Any CPU.Build.0 = .net4.5.2|Any CPU
		{62954B2F-A1CB-4E79-87EE-83815ABB113D}..net4.5.2|x64.ActiveCfg = .net4.5.2|Any CPU
		{62954B2F-A1CB-4E79-87EE-83815ABB113D}..net4.5.2|x64.Build.0 = .net4.5.2|Any CPU
		{62954B2F-A1CB-4E79-87EE-83815ABB113D}..net4.5.2|x86.ActiveCfg = .net4.5.2|Any CPU
		{62954B2F-A1CB-4E79-87EE-83815ABB113D}..net4.5.2|x86.Build.0 = .net4.5.2|Any CPU
		{62954B2F-A1CB-4E79-87EE-83815ABB113D}..netcore|Any CPU.ActiveCfg = .netcore|Any CPU
		{62954B2F-A1CB-4E79-87EE-83815ABB113D}..netcore|Any CPU.Build.0 = .netcore|Any CPU
		{62954B2F-A1CB-4E79-87EE-83815ABB113D}..netcore|x64.ActiveCfg = .netcore|Any CPU
		{62954B2F-A1CB-4E79-87EE-83815ABB113D}..netcore|x64.Build.0 = .netcore|Any CPU
		{62954B2F-A1CB-4E79-87EE-83815ABB113D}..netcore|x86.ActiveCfg = .netcore|Any CPU
		{62954B2F-A1CB-4E79-87EE-83815ABB113D}..netcore|x86.Build.0 = .netcore|Any CPU
		{62954B2F-A1CB-4E79-87EE-83815ABB113D}.Debug|Any CPU.ActiveCfg = Debug|Any CPU
		{62954B2F-A1CB-4E79-87EE-83815ABB113D}.Debug|Any CPU.Build.0 = Debug|Any CPU
		{62954B2F-A1CB-4E79-87EE-83815ABB113D}.Debug|x64.ActiveCfg = Debug|Any CPU
		{62954B2F-A1CB-4E79-87EE-83815ABB113D}.Debug|x64.Build.0 = Debug|Any CPU
		{62954B2F-A1CB-4E79-87EE-83815ABB113D}.Debug|x86.ActiveCfg = Debug|Any CPU
		{62954B2F-A1CB-4E79-87EE-83815ABB113D}.Debug|x86.Build.0 = Debug|Any CPU
		{62954B2F-A1CB-4E79-87EE-83815ABB113D}.Mint|Any CPU.ActiveCfg = Mint|Any CPU
		{62954B2F-A1CB-4E79-87EE-83815ABB113D}.Mint|Any CPU.Build.0 = Mint|Any CPU
		{62954B2F-A1CB-4E79-87EE-83815ABB113D}.Mint|x64.ActiveCfg = Mint|x64
		{62954B2F-A1CB-4E79-87EE-83815ABB113D}.Mint|x64.Build.0 = Mint|x64
		{62954B2F-A1CB-4E79-87EE-83815ABB113D}.Mint|x86.ActiveCfg = Mint|x86
		{62954B2F-A1CB-4E79-87EE-83815ABB113D}.Mint|x86.Build.0 = Mint|x86
		{62954B2F-A1CB-4E79-87EE-83815ABB113D}.Release|Any CPU.ActiveCfg = Release|Any CPU
		{62954B2F-A1CB-4E79-87EE-83815ABB113D}.Release|Any CPU.Build.0 = Release|Any CPU
		{62954B2F-A1CB-4E79-87EE-83815ABB113D}.Release|x64.ActiveCfg = Release|Any CPU
		{62954B2F-A1CB-4E79-87EE-83815ABB113D}.Release|x64.Build.0 = Release|Any CPU
		{62954B2F-A1CB-4E79-87EE-83815ABB113D}.Release|x86.ActiveCfg = Release|Any CPU
		{62954B2F-A1CB-4E79-87EE-83815ABB113D}.Release|x86.Build.0 = Release|Any CPU
		{62954B2F-A1CB-4E79-87EE-83815ABB113D}.net4.5.2|Any CPU.ActiveCfg = net4.5.2|Any CPU
		{62954B2F-A1CB-4E79-87EE-83815ABB113D}.net4.5.2|Any CPU.Build.0 = net4.5.2|Any CPU
		{62954B2F-A1CB-4E79-87EE-83815ABB113D}.net4.5.2|x64.ActiveCfg = net4.5.2|x64
		{62954B2F-A1CB-4E79-87EE-83815ABB113D}.net4.5.2|x64.Build.0 = net4.5.2|x64
		{62954B2F-A1CB-4E79-87EE-83815ABB113D}.net4.5.2|x86.ActiveCfg = net4.5.2|x86
		{62954B2F-A1CB-4E79-87EE-83815ABB113D}.net4.5.2|x86.Build.0 = net4.5.2|x86
		{BEB7AAD6-D26D-4DB2-91C6-916D2EF0C13B}..net4.5.2|Any CPU.ActiveCfg = .net4.5.2|Any CPU
		{BEB7AAD6-D26D-4DB2-91C6-916D2EF0C13B}..net4.5.2|Any CPU.Build.0 = .net4.5.2|Any CPU
		{BEB7AAD6-D26D-4DB2-91C6-916D2EF0C13B}..net4.5.2|x64.ActiveCfg = .net4.5.2|Any CPU
		{BEB7AAD6-D26D-4DB2-91C6-916D2EF0C13B}..net4.5.2|x64.Build.0 = .net4.5.2|Any CPU
		{BEB7AAD6-D26D-4DB2-91C6-916D2EF0C13B}..net4.5.2|x86.ActiveCfg = .net4.5.2|Any CPU
		{BEB7AAD6-D26D-4DB2-91C6-916D2EF0C13B}..net4.5.2|x86.Build.0 = .net4.5.2|Any CPU
		{BEB7AAD6-D26D-4DB2-91C6-916D2EF0C13B}..netcore|Any CPU.ActiveCfg = .netcore|Any CPU
		{BEB7AAD6-D26D-4DB2-91C6-916D2EF0C13B}..netcore|Any CPU.Build.0 = .netcore|Any CPU
		{BEB7AAD6-D26D-4DB2-91C6-916D2EF0C13B}..netcore|x64.ActiveCfg = .netcore|Any CPU
		{BEB7AAD6-D26D-4DB2-91C6-916D2EF0C13B}..netcore|x64.Build.0 = .netcore|Any CPU
		{BEB7AAD6-D26D-4DB2-91C6-916D2EF0C13B}..netcore|x86.ActiveCfg = .netcore|Any CPU
		{BEB7AAD6-D26D-4DB2-91C6-916D2EF0C13B}..netcore|x86.Build.0 = .netcore|Any CPU
		{BEB7AAD6-D26D-4DB2-91C6-916D2EF0C13B}.Debug|Any CPU.ActiveCfg = Debug|Any CPU
		{BEB7AAD6-D26D-4DB2-91C6-916D2EF0C13B}.Debug|Any CPU.Build.0 = Debug|Any CPU
		{BEB7AAD6-D26D-4DB2-91C6-916D2EF0C13B}.Debug|x64.ActiveCfg = Debug|Any CPU
		{BEB7AAD6-D26D-4DB2-91C6-916D2EF0C13B}.Debug|x64.Build.0 = Debug|Any CPU
		{BEB7AAD6-D26D-4DB2-91C6-916D2EF0C13B}.Debug|x86.ActiveCfg = Debug|Any CPU
		{BEB7AAD6-D26D-4DB2-91C6-916D2EF0C13B}.Debug|x86.Build.0 = Debug|Any CPU
		{BEB7AAD6-D26D-4DB2-91C6-916D2EF0C13B}.Mint|Any CPU.ActiveCfg = Mint|Any CPU
		{BEB7AAD6-D26D-4DB2-91C6-916D2EF0C13B}.Mint|Any CPU.Build.0 = Mint|Any CPU
		{BEB7AAD6-D26D-4DB2-91C6-916D2EF0C13B}.Mint|x64.ActiveCfg = Mint|Any CPU
		{BEB7AAD6-D26D-4DB2-91C6-916D2EF0C13B}.Mint|x64.Build.0 = Mint|Any CPU
		{BEB7AAD6-D26D-4DB2-91C6-916D2EF0C13B}.Mint|x86.ActiveCfg = Mint|Any CPU
		{BEB7AAD6-D26D-4DB2-91C6-916D2EF0C13B}.Mint|x86.Build.0 = Mint|Any CPU
		{BEB7AAD6-D26D-4DB2-91C6-916D2EF0C13B}.Release|Any CPU.ActiveCfg = Release|Any CPU
		{BEB7AAD6-D26D-4DB2-91C6-916D2EF0C13B}.Release|Any CPU.Build.0 = Release|Any CPU
		{BEB7AAD6-D26D-4DB2-91C6-916D2EF0C13B}.Release|x64.ActiveCfg = Release|Any CPU
		{BEB7AAD6-D26D-4DB2-91C6-916D2EF0C13B}.Release|x64.Build.0 = Release|Any CPU
		{BEB7AAD6-D26D-4DB2-91C6-916D2EF0C13B}.Release|x86.ActiveCfg = Release|Any CPU
		{BEB7AAD6-D26D-4DB2-91C6-916D2EF0C13B}.Release|x86.Build.0 = Release|Any CPU
		{BEB7AAD6-D26D-4DB2-91C6-916D2EF0C13B}.net4.5.2|Any CPU.ActiveCfg = net4.5.2|Any CPU
		{BEB7AAD6-D26D-4DB2-91C6-916D2EF0C13B}.net4.5.2|Any CPU.Build.0 = net4.5.2|Any CPU
		{BEB7AAD6-D26D-4DB2-91C6-916D2EF0C13B}.net4.5.2|x64.ActiveCfg = net4.5.2|Any CPU
		{BEB7AAD6-D26D-4DB2-91C6-916D2EF0C13B}.net4.5.2|x64.Build.0 = net4.5.2|Any CPU
		{BEB7AAD6-D26D-4DB2-91C6-916D2EF0C13B}.net4.5.2|x86.ActiveCfg = net4.5.2|Any CPU
		{BEB7AAD6-D26D-4DB2-91C6-916D2EF0C13B}.net4.5.2|x86.Build.0 = net4.5.2|Any CPU
	EndGlobalSection
	GlobalSection(SolutionProperties) = preSolution
		HideSolutionNode = FALSE
	EndGlobalSection
	GlobalSection(NestedProjects) = preSolution
		{040B2A3E-8003-4460-80CF-6262DDDAE89D} = {C8111804-63DA-4E74-9C1F-FEC46632A33B}
		{30E4FEE3-BCF0-43AB-B3E0-6083D576D808} = {C8111804-63DA-4E74-9C1F-FEC46632A33B}
		{DB799B77-2362-4D6E-B1EA-16111E78CEF5} = {B625A4B6-A7C7-4A77-AA8B-0F08D76057AC}
		{62954B2F-A1CB-4E79-87EE-83815ABB113D} = {B625A4B6-A7C7-4A77-AA8B-0F08D76057AC}
		{BEB7AAD6-D26D-4DB2-91C6-916D2EF0C13B} = {B625A4B6-A7C7-4A77-AA8B-0F08D76057AC}
	EndGlobalSection
EndGlobal
